
Microsoft Visual Studio Solution File, Format Version 12.00
# Visual Studio Version 16
VisualStudioVersion = 16.0.30517.126
MinimumVisualStudioVersion = 10.0.40219.1
Project("{9A19103F-16F7-4668-BE54-9A1E7A4F7556}") = "Homex.Domain", "Homex.Domain\Homex.Domain.csproj", "{49DF2594-18F4-4DB0-98DA-6E6913534D92}"
EndProject
Project("{FAE04EC0-301F-11D3-BF4B-00C04F79EFBC}") = "Homex.Application", "Homex.Application\Homex.Application.csproj", "{16672871-1A6F-4785-AFC3-3AE67205982A}"
EndProject
Global
	GlobalSection(SolutionConfigurationPlatforms) = preSolution
		Debug|Any CPU = Debug|Any CPU
		Release|Any CPU = Release|Any CPU
	EndGlobalSection
	GlobalSection(ProjectConfigurationPlatforms) = postSolution
		{49DF2594-18F4-4DB0-98DA-6E6913534D92}.Debug|Any CPU.ActiveCfg = Debug|Any CPU
		{49DF2594-18F4-4DB0-98DA-6E6913534D92}.Debug|Any CPU.Build.0 = Debug|Any CPU
		{49DF2594-18F4-4DB0-98DA-6E6913534D92}.Release|Any CPU.ActiveCfg = Release|Any CPU
		{49DF2594-18F4-4DB0-98DA-6E6913534D92}.Release|Any CPU.Build.0 = Release|Any CPU
		{16672871-1A6F-4785-AFC3-3AE67205982A}.Debug|Any CPU.ActiveCfg = Debug|Any CPU
		{16672871-1A6F-4785-AFC3-3AE67205982A}.Debug|Any CPU.Build.0 = Debug|Any CPU
		{16672871-1A6F-4785-AFC3-3AE67205982A}.Release|Any CPU.ActiveCfg = Release|Any CPU
		{16672871-1A6F-4785-AFC3-3AE67205982A}.Release|Any CPU.Build.0 = Release|Any CPU
	EndGlobalSection
	GlobalSection(SolutionProperties) = preSolution
		HideSolutionNode = FALSE
	EndGlobalSection
	GlobalSection(ExtensibilityGlobals) = postSolution
		SolutionGuid = {CCD938FC-7BBD-4B13-8CED-E5C7EA2E036E}
	EndGlobalSection
EndGlobal
